// !$*UTF8*$!
{
	archiveVersion = 1;
	classes = {
	};
	objectVersion = 46;
	objects = {

/* Begin PBXBuildFile section */
		AC6DF0231A72ED8F009320F6 /* MusicLibrary.swift in Sources */ = {isa = PBXBuildFile; fileRef = AC6DF0221A72ED8F009320F6 /* MusicLibrary.swift */; };
		AC6DF0251A72F96F009320F6 /* Playlist.swift in Sources */ = {isa = PBXBuildFile; fileRef = AC6DF0241A72F96F009320F6 /* Playlist.swift */; };
		AC8F403D1A7244060055B6B9 /* AppDelegate.swift in Sources */ = {isa = PBXBuildFile; fileRef = AC8F403C1A7244060055B6B9 /* AppDelegate.swift */; };
		AC8F403F1A7244060055B6B9 /* PlaylistMasterViewController.swift in Sources */ = {isa = PBXBuildFile; fileRef = AC8F403E1A7244060055B6B9 /* PlaylistMasterViewController.swift */; };
		AC8F40421A7244060055B6B9 /* Main.storyboard in Resources */ = {isa = PBXBuildFile; fileRef = AC8F40401A7244060055B6B9 /* Main.storyboard */; };
		AC8F40441A7244060055B6B9 /* Images.xcassets in Resources */ = {isa = PBXBuildFile; fileRef = AC8F40431A7244060055B6B9 /* Images.xcassets */; };
		AC8F40471A7244060055B6B9 /* LaunchScreen.xib in Resources */ = {isa = PBXBuildFile; fileRef = AC8F40451A7244060055B6B9 /* LaunchScreen.xib */; };
		AC8F40531A7244060055B6B9 /* MusicBoxTests.swift in Sources */ = {isa = PBXBuildFile; fileRef = AC8F40521A7244060055B6B9 /* MusicBoxTests.swift */; };
		AC8F405F1A7245C90055B6B9 /* PlaylistDetailViewController.swift in Sources */ = {isa = PBXBuildFile; fileRef = AC8F405E1A7245C90055B6B9 /* PlaylistDetailViewController.swift */; };
		ACBB8DCF1A8593AC00CDD35D /* PlayerViewController.swift in Sources */ = {isa = PBXBuildFile; fileRef = ACBB8DC31A85498600CDD35D /* PlayerViewController.swift */; };
		ACBB8DD41A8681E900CDD35D /* birds.wav in Resources */ = {isa = PBXBuildFile; fileRef = ACBB8DD31A8681E900CDD35D /* birds.wav */; };
/* End PBXBuildFile section */

/* Begin PBXContainerItemProxy section */
		AC8F404D1A7244060055B6B9 /* PBXContainerItemProxy */ = {
			isa = PBXContainerItemProxy;
			containerPortal = AC8F402F1A7244060055B6B9 /* Project object */;
			proxyType = 1;
			remoteGlobalIDString = AC8F40361A7244060055B6B9;
			remoteInfo = MusicBox;
		};
/* End PBXContainerItemProxy section */

/* Begin PBXFileReference section */
		AC6DF0221A72ED8F009320F6 /* MusicLibrary.swift */ = {isa = PBXFileReference; fileEncoding = 4; lastKnownFileType = sourcecode.swift; path = MusicLibrary.swift; sourceTree = "<group>"; };
		AC6DF0241A72F96F009320F6 /* Playlist.swift */ = {isa = PBXFileReference; fileEncoding = 4; lastKnownFileType = sourcecode.swift; path = Playlist.swift; sourceTree = "<group>"; };
		AC8F40371A7244060055B6B9 /* MusicBox.app */ = {isa = PBXFileReference; explicitFileType = wrapper.application; includeInIndex = 0; path = MusicBox.app; sourceTree = BUILT_PRODUCTS_DIR; };
		AC8F403B1A7244060055B6B9 /* Info.plist */ = {isa = PBXFileReference; lastKnownFileType = text.plist.xml; path = Info.plist; sourceTree = "<group>"; };
		AC8F403C1A7244060055B6B9 /* AppDelegate.swift */ = {isa = PBXFileReference; lastKnownFileType = sourcecode.swift; path = AppDelegate.swift; sourceTree = "<group>"; };
		AC8F403E1A7244060055B6B9 /* PlaylistMasterViewController.swift */ = {isa = PBXFileReference; lastKnownFileType = sourcecode.swift; path = PlaylistMasterViewController.swift; sourceTree = "<group>"; };
		AC8F40411A7244060055B6B9 /* Base */ = {isa = PBXFileReference; lastKnownFileType = file.storyboard; name = Base; path = Base.lproj/Main.storyboard; sourceTree = "<group>"; };
		AC8F40431A7244060055B6B9 /* Images.xcassets */ = {isa = PBXFileReference; lastKnownFileType = folder.assetcatalog; path = Images.xcassets; sourceTree = "<group>"; };
		AC8F40461A7244060055B6B9 /* Base */ = {isa = PBXFileReference; lastKnownFileType = file.xib; name = Base; path = Base.lproj/LaunchScreen.xib; sourceTree = "<group>"; };
		AC8F404C1A7244060055B6B9 /* MusicBoxTests.xctest */ = {isa = PBXFileReference; explicitFileType = wrapper.cfbundle; includeInIndex = 0; path = MusicBoxTests.xctest; sourceTree = BUILT_PRODUCTS_DIR; };
		AC8F40511A7244060055B6B9 /* Info.plist */ = {isa = PBXFileReference; lastKnownFileType = text.plist.xml; path = Info.plist; sourceTree = "<group>"; };
		AC8F40521A7244060055B6B9 /* MusicBoxTests.swift */ = {isa = PBXFileReference; lastKnownFileType = sourcecode.swift; path = MusicBoxTests.swift; sourceTree = "<group>"; };
		AC8F405E1A7245C90055B6B9 /* PlaylistDetailViewController.swift */ = {isa = PBXFileReference; fileEncoding = 4; lastKnownFileType = sourcecode.swift; path = PlaylistDetailViewController.swift; sourceTree = "<group>"; };
		ACBB8DC31A85498600CDD35D /* PlayerViewController.swift */ = {isa = PBXFileReference; fileEncoding = 4; lastKnownFileType = sourcecode.swift; path = PlayerViewController.swift; sourceTree = "<group>"; };
		ACBB8DD31A8681E900CDD35D /* birds.wav */ = {isa = PBXFileReference; lastKnownFileType = audio.wav; path = birds.wav; sourceTree = "<group>"; };
/* End PBXFileReference section */

/* Begin PBXFrameworksBuildPhase section */
		AC8F40341A7244060055B6B9 /* Frameworks */ = {
			isa = PBXFrameworksBuildPhase;
			buildActionMask = 2147483647;
			files = (
			);
			runOnlyForDeploymentPostprocessing = 0;
		};
		AC8F40491A7244060055B6B9 /* Frameworks */ = {
			isa = PBXFrameworksBuildPhase;
			buildActionMask = 2147483647;
			files = (
			);
			runOnlyForDeploymentPostprocessing = 0;
		};
/* End PBXFrameworksBuildPhase section */

/* Begin PBXGroup section */
		AC8F402E1A7244060055B6B9 = {
			isa = PBXGroup;
			children = (
				AC8F40391A7244060055B6B9 /* MusicBox */,
				AC8F404F1A7244060055B6B9 /* MusicBoxTests */,
				AC8F40381A7244060055B6B9 /* Products */,
			);
			sourceTree = "<group>";
		};
		AC8F40381A7244060055B6B9 /* Products */ = {
			isa = PBXGroup;
			children = (
				AC8F40371A7244060055B6B9 /* MusicBox.app */,
				AC8F404C1A7244060055B6B9 /* MusicBoxTests.xctest */,
			);
			name = Products;
			sourceTree = "<group>";
		};
		AC8F40391A7244060055B6B9 /* MusicBox */ = {
			isa = PBXGroup;
			children = (
				ACBB8DD31A8681E900CDD35D /* birds.wav */,
				AC8F403C1A7244060055B6B9 /* AppDelegate.swift */,
				AC8F403E1A7244060055B6B9 /* PlaylistMasterViewController.swift */,
				AC8F405E1A7245C90055B6B9 /* PlaylistDetailViewController.swift */,
				ACBB8DC31A85498600CDD35D /* PlayerViewController.swift */,
				AC6DF0221A72ED8F009320F6 /* MusicLibrary.swift */,
				AC6DF0241A72F96F009320F6 /* Playlist.swift */,
				AC8F40401A7244060055B6B9 /* Main.storyboard */,
				AC8F40431A7244060055B6B9 /* Images.xcassets */,
				AC8F40451A7244060055B6B9 /* LaunchScreen.xib */,
				AC8F403A1A7244060055B6B9 /* Supporting Files */,
			);
			path = MusicBox;
			sourceTree = "<group>";
		};
		AC8F403A1A7244060055B6B9 /* Supporting Files */ = {
			isa = PBXGroup;
			children = (
				AC8F403B1A7244060055B6B9 /* Info.plist */,
			);
			name = "Supporting Files";
			sourceTree = "<group>";
		};
		AC8F404F1A7244060055B6B9 /* MusicBoxTests */ = {
			isa = PBXGroup;
			children = (
				AC8F40521A7244060055B6B9 /* MusicBoxTests.swift */,
				AC8F40501A7244060055B6B9 /* Supporting Files */,
			);
			path = MusicBoxTests;
			sourceTree = "<group>";
		};
		AC8F40501A7244060055B6B9 /* Supporting Files */ = {
			isa = PBXGroup;
			children = (
				AC8F40511A7244060055B6B9 /* Info.plist */,
			);
			name = "Supporting Files";
			sourceTree = "<group>";
		};
/* End PBXGroup section */

/* Begin PBXNativeTarget section */
		AC8F40361A7244060055B6B9 /* MusicBox */ = {
			isa = PBXNativeTarget;
			buildConfigurationList = AC8F40561A7244060055B6B9 /* Build configuration list for PBXNativeTarget "MusicBox" */;
			buildPhases = (
				AC8F40331A7244060055B6B9 /* Sources */,
				AC8F40341A7244060055B6B9 /* Frameworks */,
				AC8F40351A7244060055B6B9 /* Resources */,
			);
			buildRules = (
			);
			dependencies = (
			);
			name = MusicBox;
			productName = MusicBox;
			productReference = AC8F40371A7244060055B6B9 /* MusicBox.app */;
			productType = "com.apple.product-type.application";
		};
		AC8F404B1A7244060055B6B9 /* MusicBoxTests */ = {
			isa = PBXNativeTarget;
			buildConfigurationList = AC8F40591A7244060055B6B9 /* Build configuration list for PBXNativeTarget "MusicBoxTests" */;
			buildPhases = (
				AC8F40481A7244060055B6B9 /* Sources */,
				AC8F40491A7244060055B6B9 /* Frameworks */,
				AC8F404A1A7244060055B6B9 /* Resources */,
			);
			buildRules = (
			);
			dependencies = (
				AC8F404E1A7244060055B6B9 /* PBXTargetDependency */,
			);
			name = MusicBoxTests;
			productName = MusicBoxTests;
			productReference = AC8F404C1A7244060055B6B9 /* MusicBoxTests.xctest */;
			productType = "com.apple.product-type.bundle.unit-test";
		};
/* End PBXNativeTarget section */

/* Begin PBXProject section */
		AC8F402F1A7244060055B6B9 /* Project object */ = {
			isa = PBXProject;
			attributes = {
				LastUpgradeCheck = 0610;
				ORGANIZATIONNAME = "Mário Silva";
				TargetAttributes = {
					AC8F40361A7244060055B6B9 = {
						CreatedOnToolsVersion = 6.1.1;
					};
					AC8F404B1A7244060055B6B9 = {
						CreatedOnToolsVersion = 6.1.1;
						TestTargetID = AC8F40361A7244060055B6B9;
					};
				};
			};
			buildConfigurationList = AC8F40321A7244060055B6B9 /* Build configuration list for PBXProject "MusicBox" */;
			compatibilityVersion = "Xcode 3.2";
			developmentRegion = English;
			hasScannedForEncodings = 0;
			knownRegions = (
				en,
				Base,
			);
			mainGroup = AC8F402E1A7244060055B6B9;
			productRefGroup = AC8F40381A7244060055B6B9 /* Products */;
			projectDirPath = "";
			projectRoot = "";
			targets = (
				AC8F40361A7244060055B6B9 /* MusicBox */,
				AC8F404B1A7244060055B6B9 /* MusicBoxTests */,
			);
		};
/* End PBXProject section */

/* Begin PBXResourcesBuildPhase section */
		AC8F40351A7244060055B6B9 /* Resources */ = {
			isa = PBXResourcesBuildPhase;
			buildActionMask = 2147483647;
			files = (
				AC8F40421A7244060055B6B9 /* Main.storyboard in Resources */,
				ACBB8DD41A8681E900CDD35D /* birds.wav in Resources */,
				AC8F40471A7244060055B6B9 /* LaunchScreen.xib in Resources */,
				AC8F40441A7244060055B6B9 /* Images.xcassets in Resources */,
			);
			runOnlyForDeploymentPostprocessing = 0;
		};
		AC8F404A1A7244060055B6B9 /* Resources */ = {
			isa = PBXResourcesBuildPhase;
			buildActionMask = 2147483647;
			files = (
			);
			runOnlyForDeploymentPostprocessing = 0;
		};
/* End PBXResourcesBuildPhase section */

/* Begin PBXSourcesBuildPhase section */
		AC8F40331A7244060055B6B9 /* Sources */ = {
			isa = PBXSourcesBuildPhase;
			buildActionMask = 2147483647;
			files = (
				AC8F405F1A7245C90055B6B9 /* PlaylistDetailViewController.swift in Sources */,
				AC8F403F1A7244060055B6B9 /* PlaylistMasterViewController.swift in Sources */,
				AC8F403D1A7244060055B6B9 /* AppDelegate.swift in Sources */,
				AC6DF0231A72ED8F009320F6 /* MusicLibrary.swift in Sources */,
				AC6DF0251A72F96F009320F6 /* Playlist.swift in Sources */,
				ACBB8DCF1A8593AC00CDD35D /* PlayerViewController.swift in Sources */,
			);
			runOnlyForDeploymentPostprocessing = 0;
		};
		AC8F40481A7244060055B6B9 /* Sources */ = {
			isa = PBXSourcesBuildPhase;
			buildActionMask = 2147483647;
			files = (
				AC8F40531A7244060055B6B9 /* MusicBoxTests.swift in Sources */,
			);
			runOnlyForDeploymentPostprocessing = 0;
		};
/* End PBXSourcesBuildPhase section */

/* Begin PBXTargetDependency section */
		AC8F404E1A7244060055B6B9 /* PBXTargetDependency */ = {
			isa = PBXTargetDependency;
			target = AC8F40361A7244060055B6B9 /* MusicBox */;
			targetProxy = AC8F404D1A7244060055B6B9 /* PBXContainerItemProxy */;
		};
/* End PBXTargetDependency section */

/* Begin PBXVariantGroup section */
		AC8F40401A7244060055B6B9 /* Main.storyboard */ = {
			isa = PBXVariantGroup;
			children = (
				AC8F40411A7244060055B6B9 /* Base */,
			);
			name = Main.storyboard;
			sourceTree = "<group>";
		};
		AC8F40451A7244060055B6B9 /* LaunchScreen.xib */ = {
			isa = PBXVariantGroup;
			children = (
				AC8F40461A7244060055B6B9 /* Base */,
			);
			name = LaunchScreen.xib;
			sourceTree = "<group>";
		};
/* End PBXVariantGroup section */

/* Begin XCBuildConfiguration section */
		AC8F40541A7244060055B6B9 /* Debug */ = {
			isa = XCBuildConfiguration;
			buildSettings = {
				ALWAYS_SEARCH_USER_PATHS = NO;
				CLANG_CXX_LANGUAGE_STANDARD = "gnu++0x";
				CLANG_CXX_LIBRARY = "libc++";
				CLANG_ENABLE_MODULES = YES;
				CLANG_ENABLE_OBJC_ARC = YES;
				CLANG_WARN_BOOL_CONVERSION = YES;
				CLANG_WARN_CONSTANT_CONVERSION = YES;
				CLANG_WARN_DIRECT_OBJC_ISA_USAGE = YES_ERROR;
				CLANG_WARN_EMPTY_BODY = YES;
				CLANG_WARN_ENUM_CONVERSION = YES;
				CLANG_WARN_INT_CONVERSION = YES;
				CLANG_WARN_OBJC_ROOT_CLASS = YES_ERROR;
				CLANG_WARN_UNREACHABLE_CODE = YES;
				CLANG_WARN__DUPLICATE_METHOD_MATCH = YES;
				"CODE_SIGN_IDENTITY[sdk=iphoneos*]" = "iPhone Developer";
				COPY_PHASE_STRIP = NO;
				ENABLE_STRICT_OBJC_MSGSEND = YES;
				GCC_C_LANGUAGE_STANDARD = gnu99;
				GCC_DYNAMIC_NO_PIC = NO;
				GCC_OPTIMIZATION_LEVEL = 0;
				GCC_PREPROCESSOR_DEFINITIONS = (
					"DEBUG=1",
					"$(inherited)",
				);
				GCC_SYMBOLS_PRIVATE_EXTERN = NO;
				GCC_WARN_64_TO_32_BIT_CONVERSION = YES;
				GCC_WARN_ABOUT_RETURN_TYPE = YES_ERROR;
				GCC_WARN_UNDECLARED_SELECTOR = YES;
				GCC_WARN_UNINITIALIZED_AUTOS = YES_AGGRESSIVE;
				GCC_WARN_UNUSED_FUNCTION = YES;
				GCC_WARN_UNUSED_VARIABLE = YES;
				IPHONEOS_DEPLOYMENT_TARGET = 8.1;
				MTL_ENABLE_DEBUG_INFO = YES;
				ONLY_ACTIVE_ARCH = YES;
				SDKROOT = iphoneos;
				SWIFT_OPTIMIZATION_LEVEL = "-Onone";
			};
			name = Debug;
		};
		AC8F40551A7244060055B6B9 /* Release */ = {
			isa = XCBuildConfiguration;
			buildSettings = {
				ALWAYS_SEARCH_USER_PATHS = NO;
				CLANG_CXX_LANGUAGE_STANDARD = "gnu++0x";
				CLANG_CXX_LIBRARY = "libc++";
				CLANG_ENABLE_MODULES = YES;
				CLANG_ENABLE_OBJC_ARC = YES;
				CLANG_WARN_BOOL_CONVERSION = YES;
				CLANG_WARN_CONSTANT_CONVERSION = YES;
				CLANG_WARN_DIRECT_OBJC_ISA_USAGE = YES_ERROR;
				CLANG_WARN_EMPTY_BODY = YES;
				CLANG_WARN_ENUM_CONVERSION = YES;
				CLANG_WARN_INT_CONVERSION = YES;
				CLANG_WARN_OBJC_ROOT_CLASS = YES_ERROR;
				CLANG_WARN_UNREACHABLE_CODE = YES;
				CLANG_WARN__DUPLICATE_METHOD_MATCH = YES;
				"CODE_SIGN_IDENTITY[sdk=iphoneos*]" = "iPhone Developer";
				COPY_PHASE_STRIP = YES;
				ENABLE_NS_ASSERTIONS = NO;
				ENABLE_STRICT_OBJC_MSGSEND = YES;
				GCC_C_LANGUAGE_STANDARD = gnu99;
				GCC_WARN_64_TO_32_BIT_CONVERSION = YES;
				GCC_WARN_ABOUT_RETURN_TYPE = YES_ERROR;
				GCC_WARN_UNDECLARED_SELECTOR = YES;
				GCC_WARN_UNINITIALIZED_AUTOS = YES_AGGRESSIVE;
				GCC_WARN_UNUSED_FUNCTION = YES;
				GCC_WARN_UNUSED_VARIABLE = YES;
				IPHONEOS_DEPLOYMENT_TARGET = 8.1;
				MTL_ENABLE_DEBUG_INFO = NO;
				SDKROOT = iphoneos;
				VALIDATE_PRODUCT = YES;
			};
			name = Release;
		};
		AC8F40571A7244060055B6B9 /* Debug */ = {
			isa = XCBuildConfiguration;
			buildSettings = {
				ASSETCATALOG_COMPILER_APPICON_NAME = AppIcon;
				CODE_SIGN_IDENTITY = "iPhone Developer";
				INFOPLIST_FILE = MusicBox/Info.plist;
				LD_RUNPATH_SEARCH_PATHS = "$(inherited) @executable_path/Frameworks";
				PRODUCT_NAME = "$(TARGET_NAME)";
			};
			name = Debug;
		};
		AC8F40581A7244060055B6B9 /* Release */ = {
			isa = XCBuildConfiguration;
			buildSettings = {
				ASSETCATALOG_COMPILER_APPICON_NAME = AppIcon;
				CODE_SIGN_IDENTITY = "iPhone Developer";
				INFOPLIST_FILE = MusicBox/Info.plist;
				LD_RUNPATH_SEARCH_PATHS = "$(inherited) @executable_path/Frameworks";
				PRODUCT_NAME = "$(TARGET_NAME)";
			};
			name = Release;
		};
		AC8F405A1A7244060055B6B9 /* Debug */ = {
			isa = XCBuildConfiguration;
			buildSettings = {
				BUNDLE_LOADER = "$(TEST_HOST)";
				FRAMEWORK_SEARCH_PATHS = (
					"$(SDKROOT)/Developer/Library/Frameworks",
					"$(inherited)",
				);
				GCC_PREPROCESSOR_DEFINITIONS = (
					"DEBUG=1",
					"$(inherited)",
				);
				INFOPLIST_FILE = MusicBoxTests/Info.plist;
				LD_RUNPATH_SEARCH_PATHS = "$(inherited) @executable_path/Frameworks @loader_path/Frameworks";
				PRODUCT_NAME = "$(TARGET_NAME)";
				TEST_HOST = "$(BUILT_PRODUCTS_DIR)/MusicBox.app/MusicBox";
			};
			name = Debug;
		};
		AC8F405B1A7244060055B6B9 /* Release */ = {
			isa = XCBuildConfiguration;
			buildSettings = {
				BUNDLE_LOADER = "$(TEST_HOST)";
				FRAMEWORK_SEARCH_PATHS = (
					"$(SDKROOT)/Developer/Library/Frameworks",
					"$(inherited)",
				);
				INFOPLIST_FILE = MusicBoxTests/Info.plist;
				LD_RUNPATH_SEARCH_PATHS = "$(inherited) @executable_path/Frameworks @loader_path/Frameworks";
				PRODUCT_NAME = "$(TARGET_NAME)";
				TEST_HOST = "$(BUILT_PRODUCTS_DIR)/MusicBox.app/MusicBox";
			};
			name = Release;
		};
/* End XCBuildConfiguration section */

/* Begin XCConfigurationList section */
		AC8F40321A7244060055B6B9 /* Build configuration list for PBXProject "MusicBox" */ = {
			isa = XCConfigurationList;
			buildConfigurations = (
				AC8F40541A7244060055B6B9 /* Debug */,
				AC8F40551A7244060055B6B9 /* Release */,
			);
			defaultConfigurationIsVisible = 0;
			defaultConfigurationName = Release;
		};
		AC8F40561A7244060055B6B9 /* Build configuration list for PBXNativeTarget "MusicBox" */ = {
			isa = XCConfigurationList;
			buildConfigurations = (
				AC8F40571A7244060055B6B9 /* Debug */,
				AC8F40581A7244060055B6B9 /* Release */,
			);
			defaultConfigurationIsVisible = 0;
			defaultConfigurationName = Release;
		};
		AC8F40591A7244060055B6B9 /* Build configuration list for PBXNativeTarget "MusicBoxTests" */ = {
			isa = XCConfigurationList;
			buildConfigurations = (
				AC8F405A1A7244060055B6B9 /* Debug */,
				AC8F405B1A7244060055B6B9 /* Release */,
			);
			defaultConfigurationIsVisible = 0;
			defaultConfigurationName = Release;
		};
/* End XCConfigurationList section */
	};
	rootObject = AC8F402F1A7244060055B6B9 /* Project object */;
}
